{
  "name": "ai-training",
  "version": "1.0.0",
  "lockfileVersion": 3,
  "requires": true,
  "packages": {
    "": {
      "name": "ai-training",
      "version": "1.0.0",
      "license": "ISC",
      "dependencies": {
        "openai": "^5.22.1"
      }
    },
    "node_modules/openai": {
      "version": "5.22.1",
      "resolved": "https://registry.npmjs.org/openai/-/openai-5.22.1.tgz",
      "integrity": "sha512-nzjcbqcSKxMAkTzNbtqKxrAq1jrG2txRshLZEflL3uZsgzGb22nVjbJscqTOSHGxbUWlYbISKHaUudA5Z1eutg==",
      "license": "Apache-2.0",
      "bin": {
        "openai": "bin/cli"
      },
      "peerDependencies": {
        "ws": "^8.18.0",
        "zod": "^3.23.8"
      },
      "peerDependenciesMeta": {
        "ws": {
          "optional": true
        },
        "zod": {
          "optional": true
        }
      }
    }
  }
}
